
Microsoft Visual Studio Solution File, Format Version 12.00
# Visual Studio 15
VisualStudioVersion = 15.0.28307.1684
MinimumVisualStudioVersion = 10.0.40219.1
Project("{FAE04EC0-301F-11D3-BF4B-00C04F79EFBC}") = "EcommerceApi", "EcommerceApi\EcommerceApi.csproj", "{563438D1-F0A7-45BF-8F72-56CAA31A97E5}"
EndProject
Project("{FAE04EC0-301F-11D3-BF4B-00C04F79EFBC}") = "EcommerceMVC", "EcommerceMVC\EcommerceMVC.csproj", "{C998E76F-C3C6-4FA8-9460-78281C406B61}"
EndProject
Global
	GlobalSection(SolutionConfigurationPlatforms) = preSolution
		Debug|Any CPU = Debug|Any CPU
		Release|Any CPU = Release|Any CPU
	EndGlobalSection
	GlobalSection(ProjectConfigurationPlatforms) = postSolution
		{563438D1-F0A7-45BF-8F72-56CAA31A97E5}.Debug|Any CPU.ActiveCfg = Debug|Any CPU
		{563438D1-F0A7-45BF-8F72-56CAA31A97E5}.Debug|Any CPU.Build.0 = Debug|Any CPU
		{563438D1-F0A7-45BF-8F72-56CAA31A97E5}.Release|Any CPU.ActiveCfg = Release|Any CPU
		{563438D1-F0A7-45BF-8F72-56CAA31A97E5}.Release|Any CPU.Build.0 = Release|Any CPU
		{C998E76F-C3C6-4FA8-9460-78281C406B61}.Debug|Any CPU.ActiveCfg = Debug|Any CPU
		{C998E76F-C3C6-4FA8-9460-78281C406B61}.Debug|Any CPU.Build.0 = Debug|Any CPU
		{C998E76F-C3C6-4FA8-9460-78281C406B61}.Release|Any CPU.ActiveCfg = Release|Any CPU
		{C998E76F-C3C6-4FA8-9460-78281C406B61}.Release|Any CPU.Build.0 = Release|Any CPU
	EndGlobalSection
	GlobalSection(SolutionProperties) = preSolution
		HideSolutionNode = FALSE
	EndGlobalSection
	GlobalSection(ExtensibilityGlobals) = postSolution
		SolutionGuid = {0B45FF9A-4587-45BD-96F6-93412A754E61}
	EndGlobalSection
EndGlobal
